
Microsoft Visual Studio Solution File, Format Version 11.00
# Visual Studio 2010
Project("{FAE04EC0-301F-11D3-BF4B-00C04F79EFBC}") = "TapTap.Common.Runtime", "TapTap.Common.Runtime.csproj", "{5ee2c5c8-0d39-9f98-d305-031c9c7aec65}"
EndProject
Project("{FAE04EC0-301F-11D3-BF4B-00C04F79EFBC}") = "Assembly-CSharp", "Assembly-CSharp.csproj", "{03eb3a25-0d7c-5417-8ec0-fa8929bdd8b6}"
EndProject
Project("{FAE04EC0-301F-11D3-BF4B-00C04F79EFBC}") = "TapTap.AntiAddiction", "TapTap.AntiAddiction.csproj", "{972f3e3f-13f8-ccbc-a89b-ac05bd2d2bd9}"
EndProject
Project("{FAE04EC0-301F-11D3-BF4B-00C04F79EFBC}") = "Assembly-CSharp-firstpass", "Assembly-CSharp-firstpass.csproj", "{4183b12c-58aa-b6a8-e35e-0267eb685d69}"
EndProject
Project("{FAE04EC0-301F-11D3-BF4B-00C04F79EFBC}") = "TapTap.Common.Standalone.Runtime", "TapTap.Common.Standalone.Runtime.csproj", "{12fafd10-cf30-4f53-564d-6d2a8decf0ba}"
EndProject
Project("{FAE04EC0-301F-11D3-BF4B-00C04F79EFBC}") = "TapTap.AntiAddiction.Mobile.Editor", "TapTap.AntiAddiction.Mobile.Editor.csproj", "{5334af7b-c909-c074-8a44-9ef6e946f5d7}"
EndProject
Project("{FAE04EC0-301F-11D3-BF4B-00C04F79EFBC}") = "TapTap.UI.Editor", "TapTap.UI.Editor.csproj", "{8312b4ee-c281-cab4-664c-923655b507a1}"
EndProject
Project("{FAE04EC0-301F-11D3-BF4B-00C04F79EFBC}") = "TapTap.Common.Editor", "TapTap.Common.Editor.csproj", "{92406ae3-72ec-2a98-9af2-7b7b31d0f8d5}"
EndProject
Project("{FAE04EC0-301F-11D3-BF4B-00C04F79EFBC}") = "TapTap.Common.Mobile.Editor", "TapTap.Common.Mobile.Editor.csproj", "{d709afb9-299d-684b-23d6-144e0055ece2}"
EndProject
Project("{FAE04EC0-301F-11D3-BF4B-00C04F79EFBC}") = "Assembly-CSharp-Editor-firstpass", "Assembly-CSharp-Editor-firstpass.csproj", "{be491294-b8c4-f4cf-3dc2-d20ca5aa2021}"
EndProject
Project("{FAE04EC0-301F-11D3-BF4B-00C04F79EFBC}") = "TapTap.Common.Standalone.Editor", "TapTap.Common.Standalone.Editor.csproj", "{ae139c04-0435-7d66-f8b1-d200d8fda686}"
EndProject
Project("{FAE04EC0-301F-11D3-BF4B-00C04F79EFBC}") = "TapTap.AntiAddiction.Standalone.Editor", "TapTap.AntiAddiction.Standalone.Editor.csproj", "{312a248a-a1a3-d549-60aa-c0cba3ce2d64}"
EndProject
Global
	GlobalSection(SolutionConfigurationPlatforms) = preSolution
		Debug|Any CPU = Debug|Any CPU
		Release|Any CPU = Release|Any CPU
	EndGlobalSection
	GlobalSection(ProjectConfigurationPlatforms) = postSolution
		{5ee2c5c8-0d39-9f98-d305-031c9c7aec65}.Debug|Any CPU.ActiveCfg = Debug|Any CPU
		{5ee2c5c8-0d39-9f98-d305-031c9c7aec65}.Debug|Any CPU.Build.0 = Debug|Any CPU
		{5ee2c5c8-0d39-9f98-d305-031c9c7aec65}.Release|Any CPU.ActiveCfg = Release|Any CPU
		{5ee2c5c8-0d39-9f98-d305-031c9c7aec65}.Release|Any CPU.Build.0 = Release|Any CPU
		{03eb3a25-0d7c-5417-8ec0-fa8929bdd8b6}.Debug|Any CPU.ActiveCfg = Debug|Any CPU
		{03eb3a25-0d7c-5417-8ec0-fa8929bdd8b6}.Debug|Any CPU.Build.0 = Debug|Any CPU
		{03eb3a25-0d7c-5417-8ec0-fa8929bdd8b6}.Release|Any CPU.ActiveCfg = Release|Any CPU
		{03eb3a25-0d7c-5417-8ec0-fa8929bdd8b6}.Release|Any CPU.Build.0 = Release|Any CPU
		{972f3e3f-13f8-ccbc-a89b-ac05bd2d2bd9}.Debug|Any CPU.ActiveCfg = Debug|Any CPU
		{972f3e3f-13f8-ccbc-a89b-ac05bd2d2bd9}.Debug|Any CPU.Build.0 = Debug|Any CPU
		{972f3e3f-13f8-ccbc-a89b-ac05bd2d2bd9}.Release|Any CPU.ActiveCfg = Release|Any CPU
		{972f3e3f-13f8-ccbc-a89b-ac05bd2d2bd9}.Release|Any CPU.Build.0 = Release|Any CPU
		{4183b12c-58aa-b6a8-e35e-0267eb685d69}.Debug|Any CPU.ActiveCfg = Debug|Any CPU
		{4183b12c-58aa-b6a8-e35e-0267eb685d69}.Debug|Any CPU.Build.0 = Debug|Any CPU
		{4183b12c-58aa-b6a8-e35e-0267eb685d69}.Release|Any CPU.ActiveCfg = Release|Any CPU
		{4183b12c-58aa-b6a8-e35e-0267eb685d69}.Release|Any CPU.Build.0 = Release|Any CPU
		{12fafd10-cf30-4f53-564d-6d2a8decf0ba}.Debug|Any CPU.ActiveCfg = Debug|Any CPU
		{12fafd10-cf30-4f53-564d-6d2a8decf0ba}.Debug|Any CPU.Build.0 = Debug|Any CPU
		{12fafd10-cf30-4f53-564d-6d2a8decf0ba}.Release|Any CPU.ActiveCfg = Release|Any CPU
		{12fafd10-cf30-4f53-564d-6d2a8decf0ba}.Release|Any CPU.Build.0 = Release|Any CPU
		{5334af7b-c909-c074-8a44-9ef6e946f5d7}.Debug|Any CPU.ActiveCfg = Debug|Any CPU
		{5334af7b-c909-c074-8a44-9ef6e946f5d7}.Debug|Any CPU.Build.0 = Debug|Any CPU
		{5334af7b-c909-c074-8a44-9ef6e946f5d7}.Release|Any CPU.ActiveCfg = Release|Any CPU
		{5334af7b-c909-c074-8a44-9ef6e946f5d7}.Release|Any CPU.Build.0 = Release|Any CPU
		{8312b4ee-c281-cab4-664c-923655b507a1}.Debug|Any CPU.ActiveCfg = Debug|Any CPU
		{8312b4ee-c281-cab4-664c-923655b507a1}.Debug|Any CPU.Build.0 = Debug|Any CPU
		{8312b4ee-c281-cab4-664c-923655b507a1}.Release|Any CPU.ActiveCfg = Release|Any CPU
		{8312b4ee-c281-cab4-664c-923655b507a1}.Release|Any CPU.Build.0 = Release|Any CPU
		{92406ae3-72ec-2a98-9af2-7b7b31d0f8d5}.Debug|Any CPU.ActiveCfg = Debug|Any CPU
		{92406ae3-72ec-2a98-9af2-7b7b31d0f8d5}.Debug|Any CPU.Build.0 = Debug|Any CPU
		{92406ae3-72ec-2a98-9af2-7b7b31d0f8d5}.Release|Any CPU.ActiveCfg = Release|Any CPU
		{92406ae3-72ec-2a98-9af2-7b7b31d0f8d5}.Release|Any CPU.Build.0 = Release|Any CPU
		{d709afb9-299d-684b-23d6-144e0055ece2}.Debug|Any CPU.ActiveCfg = Debug|Any CPU
		{d709afb9-299d-684b-23d6-144e0055ece2}.Debug|Any CPU.Build.0 = Debug|Any CPU
		{d709afb9-299d-684b-23d6-144e0055ece2}.Release|Any CPU.ActiveCfg = Release|Any CPU
		{d709afb9-299d-684b-23d6-144e0055ece2}.Release|Any CPU.Build.0 = Release|Any CPU
		{be491294-b8c4-f4cf-3dc2-d20ca5aa2021}.Debug|Any CPU.ActiveCfg = Debug|Any CPU
		{be491294-b8c4-f4cf-3dc2-d20ca5aa2021}.Debug|Any CPU.Build.0 = Debug|Any CPU
		{be491294-b8c4-f4cf-3dc2-d20ca5aa2021}.Release|Any CPU.ActiveCfg = Release|Any CPU
		{be491294-b8c4-f4cf-3dc2-d20ca5aa2021}.Release|Any CPU.Build.0 = Release|Any CPU
		{ae139c04-0435-7d66-f8b1-d200d8fda686}.Debug|Any CPU.ActiveCfg = Debug|Any CPU
		{ae139c04-0435-7d66-f8b1-d200d8fda686}.Debug|Any CPU.Build.0 = Debug|Any CPU
		{ae139c04-0435-7d66-f8b1-d200d8fda686}.Release|Any CPU.ActiveCfg = Release|Any CPU
		{ae139c04-0435-7d66-f8b1-d200d8fda686}.Release|Any CPU.Build.0 = Release|Any CPU
		{312a248a-a1a3-d549-60aa-c0cba3ce2d64}.Debug|Any CPU.ActiveCfg = Debug|Any CPU
		{312a248a-a1a3-d549-60aa-c0cba3ce2d64}.Debug|Any CPU.Build.0 = Debug|Any CPU
		{312a248a-a1a3-d549-60aa-c0cba3ce2d64}.Release|Any CPU.ActiveCfg = Release|Any CPU
		{312a248a-a1a3-d549-60aa-c0cba3ce2d64}.Release|Any CPU.Build.0 = Release|Any CPU
	EndGlobalSection
	GlobalSection(SolutionProperties) = preSolution
		HideSolutionNode = FALSE
	EndGlobalSection
EndGlobal
